{"dependencies":[],"configHash":"591960403c0fcddf9db69df196350656109e656c","sourceFilePaths":[{"path":"\/Users\/adamcseke\/Developer\/MindtechApps\/hw-dailybanking-ios-main\/Movies\/APIkey.swift","hash":"e177179ef7268900f5fc9c037c663fcf4115dae5"},{"path":"\/Users\/adamcseke\/Developer\/MindtechApps\/hw-dailybanking-ios-main\/Movies\/Features\/Common\/AsnycImage.swift","hash":"61cdc1b2ff983a2e2d335ff8c67cf43a981b6588"},{"hash":"6b13fe05489601d5d85c292adcd78faf3c1fd43d","path":"\/Users\/adamcseke\/Developer\/MindtechApps\/hw-dailybanking-ios-main\/Movies\/Features\/Common\/Constants.swift"},{"hash":"4b32b2a6d5f39d9589beb007e88edce7a0f30b71","path":"\/Users\/adamcseke\/Developer\/MindtechApps\/hw-dailybanking-ios-main\/Movies\/Features\/Common\/MovieVM.swift"},{"hash":"24ccf4838b7a33c5b8f9b1b91c4d4bc8d4979c50","path":"\/Users\/adamcseke\/Developer\/MindtechApps\/hw-dailybanking-ios-main\/Movies\/Features\/DI\/AssemblerAware.swift"},{"path":"\/Users\/adamcseke\/Developer\/MindtechApps\/hw-dailybanking-ios-main\/Movies\/Features\/DI\/Container.swift","hash":"34376e51c1805d175bcd22b86d52e89dc7907726"},{"path":"\/Users\/adamcseke\/Developer\/MindtechApps\/hw-dailybanking-ios-main\/Movies\/Features\/DI\/MainAssembler.swift","hash":"f8361aa5aca568f671c11d755a20022cca7ad0ee"},{"path":"\/Users\/adamcseke\/Developer\/MindtechApps\/hw-dailybanking-ios-main\/Movies\/Features\/DI\/ManagerAssembly.swift","hash":"9f8c859f29634fcf8a82ed5003fe253cf84fd762"},{"path":"\/Users\/adamcseke\/Developer\/MindtechApps\/hw-dailybanking-ios-main\/Movies\/Features\/DI\/ServiceAssembly.swift","hash":"d18066c4ade8e3e85ed8876349144f2c7d3d2eb6"},{"path":"\/Users\/adamcseke\/Developer\/MindtechApps\/hw-dailybanking-ios-main\/Movies\/Features\/Managers\/MarkManager.swift","hash":"f8548e7534dafee6e007b1dca07685dc4a44917b"},{"hash":"3277cc15a4e3374c3d1c48958dad54988976713d","path":"\/Users\/adamcseke\/Developer\/MindtechApps\/hw-dailybanking-ios-main\/Movies\/Features\/MovieDetails\/MovieDetailsScreen.swift"},{"path":"\/Users\/adamcseke\/Developer\/MindtechApps\/hw-dailybanking-ios-main\/Movies\/Features\/MovieDetails\/MovieDetailsScreenViewModel.swift","hash":"98c66e88c092fc63a4fed38f58b3682e4e133228"},{"hash":"e4ac93626c2fc647d47ba13a93f7180083359223","path":"\/Users\/adamcseke\/Developer\/MindtechApps\/hw-dailybanking-ios-main\/Movies\/Features\/MovieList\/MovieListItem.swift"},{"hash":"9cae548059045654324c6074a061ad02fd9e1468","path":"\/Users\/adamcseke\/Developer\/MindtechApps\/hw-dailybanking-ios-main\/Movies\/Features\/MovieList\/MoviesScreen.swift"},{"hash":"64db11df8eaf9612d8ac1ba5a28f77e57933c416","path":"\/Users\/adamcseke\/Developer\/MindtechApps\/hw-dailybanking-ios-main\/Movies\/Features\/MovieList\/MoviesScreenViewModel.swift"},{"path":"\/Users\/adamcseke\/Developer\/MindtechApps\/hw-dailybanking-ios-main\/Movies\/Features\/Networking\/APIHandler.swift","hash":"70f6b5253a678a99c584026804b9fb29eb205019"},{"path":"\/Users\/adamcseke\/Developer\/MindtechApps\/hw-dailybanking-ios-main\/Movies\/Features\/Networking\/Configuration\/Configuration.swift","hash":"46c66e6089c05f84be682666dd002801c9cf6f97"},{"hash":"5d9cf1781edae024a8790d90e38771491a471265","path":"\/Users\/adamcseke\/Developer\/MindtechApps\/hw-dailybanking-ios-main\/Movies\/Features\/Networking\/Configuration\/ConfigurationProtocol.swift"},{"hash":"d5d9ab2506c0ed391e7d6f23a369abba66f3fdb4","path":"\/Users\/adamcseke\/Developer\/MindtechApps\/hw-dailybanking-ios-main\/Movies\/Features\/Networking\/Models\/Genres.swift"},{"path":"\/Users\/adamcseke\/Developer\/MindtechApps\/hw-dailybanking-ios-main\/Movies\/Features\/Networking\/Models\/Movie.swift","hash":"18ae74d3fd96a9c8845008ddcb49b1697534952d"},{"path":"\/Users\/adamcseke\/Developer\/MindtechApps\/hw-dailybanking-ios-main\/Movies\/Features\/Networking\/Models\/Movies.swift","hash":"fe3fa313d890b2d4a899c365c0d0d2393b53f719"},{"hash":"69ab476b02c652f79bdec0e558851dbac4d80fbf","path":"\/Users\/adamcseke\/Developer\/MindtechApps\/hw-dailybanking-ios-main\/Movies\/Features\/Networking\/Services\/MovieService.swift"},{"path":"\/Users\/adamcseke\/Developer\/MindtechApps\/hw-dailybanking-ios-main\/Movies\/MoviesApp.swift","hash":"b826513bc0db6a8282474c2a6420ffa8f8ebd569"},{"path":"\/Users\/adamcseke\/Developer\/MindtechApps\/hw-dailybanking-ios-main\/Movies\/Preview Content\/MockViewModels.swift","hash":"c6a4dd381a5ec93987ab8fddb0d869c002bff362"},{"path":"\/Users\/adamcseke\/Developer\/MindtechApps\/hw-dailybanking-ios-main\/Movies\/Preview Content\/PreviewMovies.swift","hash":"dc6d8696cfeb664f4a2927f3713a7c002868a81b"}],"name":"Movies","supportingFilePaths":[],"targetPathsHash":"300df8383ba46e3673eb59f982368a94768638b5","projectHash":"4b3980db92beaaf68f221df6b36cd500d70e9bed","outputHash":"7944ddca1c5fd04c092925a55ce5f1360c4fe8a5","productModuleName":"Movies","sourceRoot":"\/Users\/adamcseke\/Developer\/MindtechApps\/hw-dailybanking-ios-main","cliVersion":"0.20.0","mockedTypesHash":"da980acd8b95277c8848212bc00c3a7e9173ff0e","dependencyPathsHash":"da39a3ee5e6b4b0d3255bfef95601890afd80709"}