{"sourceFilePaths":[{"path":"\/Users\/adamcseke\/Developer\/MindtechApps\/hw-dailybanking-ios-main\/Movies\/APIkey.swift","hash":"e177179ef7268900f5fc9c037c663fcf4115dae5"},{"hash":"61cdc1b2ff983a2e2d335ff8c67cf43a981b6588","path":"\/Users\/adamcseke\/Developer\/MindtechApps\/hw-dailybanking-ios-main\/Movies\/Features\/Common\/AsnycImage.swift"},{"hash":"6b13fe05489601d5d85c292adcd78faf3c1fd43d","path":"\/Users\/adamcseke\/Developer\/MindtechApps\/hw-dailybanking-ios-main\/Movies\/Features\/Common\/Constants.swift"},{"path":"\/Users\/adamcseke\/Developer\/MindtechApps\/hw-dailybanking-ios-main\/Movies\/Features\/Common\/MovieVM.swift","hash":"4f1cd9c76894ab870841bb3cbd683fd333bef15b"},{"path":"\/Users\/adamcseke\/Developer\/MindtechApps\/hw-dailybanking-ios-main\/Movies\/Features\/DI\/AssemblerAware.swift","hash":"24ccf4838b7a33c5b8f9b1b91c4d4bc8d4979c50"},{"hash":"34376e51c1805d175bcd22b86d52e89dc7907726","path":"\/Users\/adamcseke\/Developer\/MindtechApps\/hw-dailybanking-ios-main\/Movies\/Features\/DI\/Container.swift"},{"path":"\/Users\/adamcseke\/Developer\/MindtechApps\/hw-dailybanking-ios-main\/Movies\/Features\/DI\/MainAssembler.swift","hash":"f8361aa5aca568f671c11d755a20022cca7ad0ee"},{"hash":"d18066c4ade8e3e85ed8876349144f2c7d3d2eb6","path":"\/Users\/adamcseke\/Developer\/MindtechApps\/hw-dailybanking-ios-main\/Movies\/Features\/DI\/ServiceAssembly.swift"},{"path":"\/Users\/adamcseke\/Developer\/MindtechApps\/hw-dailybanking-ios-main\/Movies\/Features\/Managers\/FavoriteMovies.swift","hash":"45bc81ec64dc4d1131ec03b0f7d5c00f93c32381"},{"hash":"e228074c81d3bdec83f7c299027257a554ec8d71","path":"\/Users\/adamcseke\/Developer\/MindtechApps\/hw-dailybanking-ios-main\/Movies\/Features\/MovieDetails\/MovieDetailsScreen.swift"},{"path":"\/Users\/adamcseke\/Developer\/MindtechApps\/hw-dailybanking-ios-main\/Movies\/Features\/MovieDetails\/MovieDetailsScreenViewModel.swift","hash":"dfb7046d6aec0ef239e543c9ff60d30312a913b2"},{"hash":"2743bd2400e9ab1d1c4c05753cf31284d9bed6d7","path":"\/Users\/adamcseke\/Developer\/MindtechApps\/hw-dailybanking-ios-main\/Movies\/Features\/MovieList\/MovieListItem.swift"},{"hash":"94232bee6dce89e7b523042ee9a5f43f72658d1e","path":"\/Users\/adamcseke\/Developer\/MindtechApps\/hw-dailybanking-ios-main\/Movies\/Features\/MovieList\/MoviesScreen.swift"},{"path":"\/Users\/adamcseke\/Developer\/MindtechApps\/hw-dailybanking-ios-main\/Movies\/Features\/MovieList\/MoviesScreenViewModel.swift","hash":"29f3ca13f9ec411e22d354d7b3097c0886fe864e"},{"path":"\/Users\/adamcseke\/Developer\/MindtechApps\/hw-dailybanking-ios-main\/Movies\/Features\/Networking\/APIHandler.swift","hash":"70f6b5253a678a99c584026804b9fb29eb205019"},{"hash":"46c66e6089c05f84be682666dd002801c9cf6f97","path":"\/Users\/adamcseke\/Developer\/MindtechApps\/hw-dailybanking-ios-main\/Movies\/Features\/Networking\/Configuration\/Configuration.swift"},{"path":"\/Users\/adamcseke\/Developer\/MindtechApps\/hw-dailybanking-ios-main\/Movies\/Features\/Networking\/Configuration\/ConfigurationProtocol.swift","hash":"5d9cf1781edae024a8790d90e38771491a471265"},{"path":"\/Users\/adamcseke\/Developer\/MindtechApps\/hw-dailybanking-ios-main\/Movies\/Features\/Networking\/Models\/Genres.swift","hash":"d5d9ab2506c0ed391e7d6f23a369abba66f3fdb4"},{"path":"\/Users\/adamcseke\/Developer\/MindtechApps\/hw-dailybanking-ios-main\/Movies\/Features\/Networking\/Models\/Movie.swift","hash":"3bed0d83c0688b3ed6ee3c31decf999b359abbfa"},{"path":"\/Users\/adamcseke\/Developer\/MindtechApps\/hw-dailybanking-ios-main\/Movies\/Features\/Networking\/Models\/Movies.swift","hash":"fe3fa313d890b2d4a899c365c0d0d2393b53f719"},{"hash":"69ab476b02c652f79bdec0e558851dbac4d80fbf","path":"\/Users\/adamcseke\/Developer\/MindtechApps\/hw-dailybanking-ios-main\/Movies\/Features\/Networking\/Services\/MovieService.swift"},{"path":"\/Users\/adamcseke\/Developer\/MindtechApps\/hw-dailybanking-ios-main\/Movies\/MoviesApp.swift","hash":"e6b70afe4901c5a291d14a5679a34bc7b7b9761e"},{"path":"\/Users\/adamcseke\/Developer\/MindtechApps\/hw-dailybanking-ios-main\/Movies\/Preview Content\/MockViewModels.swift","hash":"c6a4dd381a5ec93987ab8fddb0d869c002bff362"},{"path":"\/Users\/adamcseke\/Developer\/MindtechApps\/hw-dailybanking-ios-main\/Movies\/Preview Content\/PreviewMovies.swift","hash":"71647040d6ceba1adaf93da2efff7344a796e0db"}],"sourceRoot":"\/Users\/adamcseke\/Developer\/MindtechApps\/hw-dailybanking-ios-main","cliVersion":"0.20.0","supportingFilePaths":[],"targetPathsHash":"0414e99d354454c7ecb2ae71649d5d7c11a33901","projectHash":"9b8035a5d1c099ea00c76e55c0b7a7acc2bf3618","outputHash":"7944ddca1c5fd04c092925a55ce5f1360c4fe8a5","dependencyPathsHash":"da39a3ee5e6b4b0d3255bfef95601890afd80709","dependencies":[],"mockedTypesHash":"da980acd8b95277c8848212bc00c3a7e9173ff0e","productModuleName":"Movies","name":"Movies","configHash":"591960403c0fcddf9db69df196350656109e656c"}