{"projectHash":"4b3980db92beaaf68f221df6b36cd500d70e9bed","mockedTypeNames":["\/Users\/adamcseke\/Developer\/MindtechApps\/hw-dailybanking-ios-main\/MoviesTests\/Test-helper\/Movies+Stub.swift",[],"\/Users\/adamcseke\/Developer\/MindtechApps\/hw-dailybanking-ios-main\/MoviesTests\/DI\/ServiceAssemblySpec.swift",[],"\/Users\/adamcseke\/Developer\/MindtechApps\/hw-dailybanking-ios-main\/MoviesTests\/MovieDetails\/MovieDetailsScreenViewModelSpec.swift",[],"\/Users\/adamcseke\/Developer\/MindtechApps\/hw-dailybanking-ios-main\/MoviesTests\/Managers\/FavoriteMovieManagerSpec.swift",[],"\/Users\/adamcseke\/Developer\/MindtechApps\/hw-dailybanking-ios-main\/MoviesTests\/Service\/MovieServiceSpec.swift",[],"\/Users\/adamcseke\/Developer\/MindtechApps\/hw-dailybanking-ios-main\/MoviesTests\/MovieList\/MoviesScreenViewModelTests.swift",["MovieServiceProtocol"],"\/Users\/adamcseke\/Developer\/MindtechApps\/hw-dailybanking-ios-main\/MoviesTests\/Test-helper\/MovieVM+Stub.swift",[],"\/Users\/adamcseke\/Developer\/MindtechApps\/hw-dailybanking-ios-main\/MoviesTests\/Test-helper\/Movie+Stub.swift",[],"\/Users\/adamcseke\/Developer\/MindtechApps\/hw-dailybanking-ios-main\/MoviesTests\/DI\/TestServiceAssembly.swift",[]],"name":"MoviesTests","cliVersion":"0.20.0","dependencies":[],"productModuleName":"MoviesTests","sourceRoot":"\/Users\/adamcseke\/Developer\/MindtechApps\/hw-dailybanking-ios-main","sourceFilePaths":[{"path":"\/Users\/adamcseke\/Developer\/MindtechApps\/hw-dailybanking-ios-main\/MoviesTests\/DI\/ServiceAssemblySpec.swift","hash":"d6904ee17c02068b6c4a7621a55590fb4518ef20"},{"path":"\/Users\/adamcseke\/Developer\/MindtechApps\/hw-dailybanking-ios-main\/MoviesTests\/DI\/TestServiceAssembly.swift","hash":"157ab6d2966a603d9da6fead39f01eb798b3734c"},{"path":"\/Users\/adamcseke\/Developer\/MindtechApps\/hw-dailybanking-ios-main\/MoviesTests\/Managers\/FavoriteMovieManagerSpec.swift","hash":"55be358c2311565e09d45f509acb7962b5ba9d32"},{"hash":"7944ddca1c5fd04c092925a55ce5f1360c4fe8a5","path":"\/Users\/adamcseke\/Developer\/MindtechApps\/hw-dailybanking-ios-main\/MoviesTests\/Mocks\/MockingbirdMocks\/MoviesTests-MoviesMocks.generated.swift"},{"path":"\/Users\/adamcseke\/Developer\/MindtechApps\/hw-dailybanking-ios-main\/MoviesTests\/MovieDetails\/MovieDetailsScreenViewModelSpec.swift","hash":"e00099197db11bb447389ea44fea53432e6257fd"},{"path":"\/Users\/adamcseke\/Developer\/MindtechApps\/hw-dailybanking-ios-main\/MoviesTests\/MovieList\/MoviesScreenViewModelTests.swift","hash":"18afb4a732a2e4033615fa2145b086d481a7b352"},{"hash":"17276c82f185af25213fc2c3a3b1f643e91417b4","path":"\/Users\/adamcseke\/Developer\/MindtechApps\/hw-dailybanking-ios-main\/MoviesTests\/Service\/MovieServiceSpec.swift"},{"hash":"47722935d685d28fa7892f234efece14622044ff","path":"\/Users\/adamcseke\/Developer\/MindtechApps\/hw-dailybanking-ios-main\/MoviesTests\/Test-helper\/Movie+Stub.swift"},{"path":"\/Users\/adamcseke\/Developer\/MindtechApps\/hw-dailybanking-ios-main\/MoviesTests\/Test-helper\/MovieVM+Stub.swift","hash":"ec8c40313b0d88570997c2f8061ad24d056b9da2"},{"path":"\/Users\/adamcseke\/Developer\/MindtechApps\/hw-dailybanking-ios-main\/MoviesTests\/Test-helper\/Movies+Stub.swift","hash":"f2c523767895f810919057d4ae26ed7cc11d01df"}]}