{"projectHash":"9b8035a5d1c099ea00c76e55c0b7a7acc2bf3618","productModuleName":"MoviesTests","mockedTypeNames":["\/Users\/adamcseke\/Developer\/MindtechApps\/hw-dailybanking-ios-main\/MoviesTests\/MovieList\/MoviesScreenViewModelTests.swift",["MovieServiceProtocol"],"\/Users\/adamcseke\/Developer\/MindtechApps\/hw-dailybanking-ios-main\/MoviesTests\/DI\/ServiceAssemblySpec.swift",[],"\/Users\/adamcseke\/Developer\/MindtechApps\/hw-dailybanking-ios-main\/MoviesTests\/Managers\/FavoriteMoviesTests.swift",[],"\/Users\/adamcseke\/Developer\/MindtechApps\/hw-dailybanking-ios-main\/MoviesTests\/DI\/TestServiceAssembly.swift",[],"\/Users\/adamcseke\/Developer\/MindtechApps\/hw-dailybanking-ios-main\/MoviesTests\/Service\/MovieServiceSpec.swift",[]],"sourceRoot":"\/Users\/adamcseke\/Developer\/MindtechApps\/hw-dailybanking-ios-main","name":"MoviesTests","sourceFilePaths":[{"path":"\/Users\/adamcseke\/Developer\/MindtechApps\/hw-dailybanking-ios-main\/MoviesTests\/DI\/ServiceAssemblySpec.swift","hash":"d6904ee17c02068b6c4a7621a55590fb4518ef20"},{"hash":"157ab6d2966a603d9da6fead39f01eb798b3734c","path":"\/Users\/adamcseke\/Developer\/MindtechApps\/hw-dailybanking-ios-main\/MoviesTests\/DI\/TestServiceAssembly.swift"},{"hash":"cc33c2feba037284b622b6e920d6e9f8292feae0","path":"\/Users\/adamcseke\/Developer\/MindtechApps\/hw-dailybanking-ios-main\/MoviesTests\/Managers\/FavoriteMoviesTests.swift"},{"path":"\/Users\/adamcseke\/Developer\/MindtechApps\/hw-dailybanking-ios-main\/MoviesTests\/Mocks\/MockingbirdMocks\/MoviesTests-MoviesMocks.generated.swift","hash":"7944ddca1c5fd04c092925a55ce5f1360c4fe8a5"},{"path":"\/Users\/adamcseke\/Developer\/MindtechApps\/hw-dailybanking-ios-main\/MoviesTests\/MovieList\/MoviesScreenViewModelTests.swift","hash":"091f6b44dec93da030b5f7a8fbc1b2a1eca45010"},{"path":"\/Users\/adamcseke\/Developer\/MindtechApps\/hw-dailybanking-ios-main\/MoviesTests\/Service\/MovieServiceSpec.swift","hash":"17276c82f185af25213fc2c3a3b1f643e91417b4"}],"dependencies":[],"cliVersion":"0.20.0"}